
Microsoft Visual Studio Solution File, Format Version 12.00
# Visual Studio Version 17
VisualStudioVersion = 17.0.31903.59
MinimumVisualStudioVersion = 10.0.40219.1
Project("{9A19103F-16F7-4668-BE54-9A1E7A4F7556}") = "OR_Mapper.Framework", "OR_Mapper.Framework\OR_Mapper.Framework.csproj", "{6A7D22D7-9F77-4143-92BC-15EEEA5898F6}"
EndProject
Project("{9A19103F-16F7-4668-BE54-9A1E7A4F7556}") = "OR_Mapper.App", "OR_Mapper.App\OR_Mapper.App.csproj", "{13FBAA8E-7D1B-4577-8906-75E48C57C3C8}"
EndProject
Project("{FAE04EC0-301F-11D3-BF4B-00C04F79EFBC}") = "OR_Mapper.Tests", "OR_Mapper.Tests\OR_Mapper.Tests.csproj", "{6E8C776B-2279-4EC5-843E-5FD4B19E3398}"
EndProject
Global
	GlobalSection(SolutionConfigurationPlatforms) = preSolution
		Debug|Any CPU = Debug|Any CPU
		Release|Any CPU = Release|Any CPU
	EndGlobalSection
	GlobalSection(ProjectConfigurationPlatforms) = postSolution
		{6A7D22D7-9F77-4143-92BC-15EEEA5898F6}.Debug|Any CPU.ActiveCfg = Debug|Any CPU
		{6A7D22D7-9F77-4143-92BC-15EEEA5898F6}.Debug|Any CPU.Build.0 = Debug|Any CPU
		{6A7D22D7-9F77-4143-92BC-15EEEA5898F6}.Release|Any CPU.ActiveCfg = Release|Any CPU
		{6A7D22D7-9F77-4143-92BC-15EEEA5898F6}.Release|Any CPU.Build.0 = Release|Any CPU
		{13FBAA8E-7D1B-4577-8906-75E48C57C3C8}.Debug|Any CPU.ActiveCfg = Debug|Any CPU
		{13FBAA8E-7D1B-4577-8906-75E48C57C3C8}.Debug|Any CPU.Build.0 = Debug|Any CPU
		{13FBAA8E-7D1B-4577-8906-75E48C57C3C8}.Release|Any CPU.ActiveCfg = Release|Any CPU
		{13FBAA8E-7D1B-4577-8906-75E48C57C3C8}.Release|Any CPU.Build.0 = Release|Any CPU
		{6E8C776B-2279-4EC5-843E-5FD4B19E3398}.Debug|Any CPU.ActiveCfg = Debug|Any CPU
		{6E8C776B-2279-4EC5-843E-5FD4B19E3398}.Debug|Any CPU.Build.0 = Debug|Any CPU
		{6E8C776B-2279-4EC5-843E-5FD4B19E3398}.Release|Any CPU.ActiveCfg = Release|Any CPU
		{6E8C776B-2279-4EC5-843E-5FD4B19E3398}.Release|Any CPU.Build.0 = Release|Any CPU
	EndGlobalSection
	GlobalSection(SolutionProperties) = preSolution
		HideSolutionNode = FALSE
	EndGlobalSection
	GlobalSection(ExtensibilityGlobals) = postSolution
		SolutionGuid = {21A51EE8-3E4B-4671-A8D9-4706D77C983C}
	EndGlobalSection
EndGlobal
