
Microsoft Visual Studio Solution File, Format Version 12.00
Project("{FAE04EC0-301F-11D3-BF4B-00C04F79EFBC}") = "ORM0Entities", "ORM0Entities\ORM0Entities.csproj", "{CEFBAA86-2C2F-416B-A843-7E5217D0B436}"
EndProject
Project("{FAE04EC0-301F-11D3-BF4B-00C04F79EFBC}") = "ORM1Entities", "ORM1Entities\ORM1Entities.csproj", "{64455C96-088B-4222-95AD-67D4E2CDFFC7}"
EndProject
Project("{FAE04EC0-301F-11D3-BF4B-00C04F79EFBC}") = "ORM2TestEntities", "ORM2TestEntities\ORM2TestEntities.csproj", "{B1FB3082-5A2D-4103-AFAC-F9E174DD61A7}"
EndProject
Project("{FAE04EC0-301F-11D3-BF4B-00C04F79EFBC}") = "ORM3TestEntities", "ORM3TestEntities\ORM3TestEntities.csproj", "{DD4D867A-2898-4141-8760-9E4532756FA1}"
EndProject
Project("{2150E333-8FDC-42A3-9474-1A3956D46DE8}") = "Entities", "Entities", "{85087494-446E-415C-88D9-A12C63DEDDCF}"
EndProject
Project("{2150E333-8FDC-42A3-9474-1A3956D46DE8}") = "Tests", "Tests", "{822F9432-DAF2-4F82-BD50-9BEF689E6DCB}"
EndProject
Project("{2150E333-8FDC-42A3-9474-1A3956D46DE8}") = "ORM1", "ORM1", "{18E3AC68-18BA-43F4-B78D-AF3BAAF43985}"
EndProject
Project("{2150E333-8FDC-42A3-9474-1A3956D46DE8}") = "ORM2", "ORM2", "{F633EBC1-8367-4573-AAA8-D4EDCCCC5F10}"
EndProject
Project("{2150E333-8FDC-42A3-9474-1A3956D46DE8}") = "ORM3", "ORM3", "{365371BB-FAB9-4441-9B15-FB7A6349D192}"
EndProject
Project("{FAE04EC0-301F-11D3-BF4B-00C04F79EFBC}") = "ORM.Cache", "ORM1\ORM.Cache\ORM.Cache.csproj", "{27FC8C9B-E01C-49C2-B4A3-512F86D0573A}"
EndProject
Project("{FAE04EC0-301F-11D3-BF4B-00C04F79EFBC}") = "ORM.Core", "ORM1\ORM.Core\ORM.Core.csproj", "{B600FB2C-1363-4F86-97DA-A65BD2BEFF8B}"
EndProject
Project("{FAE04EC0-301F-11D3-BF4B-00C04F79EFBC}") = "ORM.PostgresSQL", "ORM1\ORM.PostgresSQL\ORM.PostgresSQL.csproj", "{E4787020-6138-46F8-BB04-A898F29C8BF3}"
EndProject
Project("{FAE04EC0-301F-11D3-BF4B-00C04F79EFBC}") = "ORM.Core", "ORM2\ORM.Core\ORM.Core.csproj", "{53B571E6-8376-4871-82C0-33A58D63AC04}"
EndProject
Project("{FAE04EC0-301F-11D3-BF4B-00C04F79EFBC}") = "ORM.Core.Interfaces", "ORM2\ORM.Core.Interfaces\ORM.Core.Interfaces.csproj", "{D1F1AE38-14E9-414B-BE05-8D8704B903D6}"
EndProject
Project("{FAE04EC0-301F-11D3-BF4B-00C04F79EFBC}") = "ORM.Core.Models", "ORM2\ORM.Core.Models\ORM.Core.Models.csproj", "{623EABD3-0D64-4287-A2F1-03627BE01328}"
EndProject
Project("{FAE04EC0-301F-11D3-BF4B-00C04F79EFBC}") = "ORM.Linq", "ORM2\ORM.Linq\ORM.Linq.csproj", "{79FBE00E-8A13-43C4-8C9E-4D408A5C4156}"
EndProject
Project("{FAE04EC0-301F-11D3-BF4B-00C04F79EFBC}") = "ORM.Linq.Interfaces", "ORM2\ORM.Linq.Interfaces\ORM.Linq.Interfaces.csproj", "{95251181-3C3F-4410-A991-2E23F10C53E5}"
EndProject
Project("{FAE04EC0-301F-11D3-BF4B-00C04F79EFBC}") = "ORM.Postgres", "ORM2\ORM.Postgres\ORM.Postgres.csproj", "{7AFD54B0-4312-43A5-9C88-63E1E4199360}"
EndProject
Project("{FAE04EC0-301F-11D3-BF4B-00C04F79EFBC}") = "ORM.Postgres.Interfaces", "ORM2\ORM.Postgres.Interfaces\ORM.Postgres.Interfaces.csproj", "{376F6E7A-F0E1-4A96-B75C-E7980751560D}"
EndProject
Project("{FAE04EC0-301F-11D3-BF4B-00C04F79EFBC}") = "ORM.Postgres.Linq", "ORM2\ORM.Postgres.Linq\ORM.Postgres.Linq.csproj", "{95FF86FE-CDB8-4C57-9119-FD04D2C8C3D6}"
EndProject
Project("{FAE04EC0-301F-11D3-BF4B-00C04F79EFBC}") = "OR_Mapper.Framework", "ORM3\OR_Mapper.Framework\OR_Mapper.Framework.csproj", "{CA80F6FE-5260-4288-B57B-14B4AEA67987}"
EndProject
Project("{FAE04EC0-301F-11D3-BF4B-00C04F79EFBC}") = "Console", "Console\Console.csproj", "{80FF59D9-DF9C-4E01-9199-276B95E5487E}"
EndProject
Project("{2150E333-8FDC-42A3-9474-1A3956D46DE8}") = "InsertTests", "InsertTests", "{1D3D7592-7A73-48B7-ABE8-CBE8E476C821}"
EndProject
Project("{FAE04EC0-301F-11D3-BF4B-00C04F79EFBC}") = "F0Inserttests", "F0Inserttests\F0Inserttests.csproj", "{B135AE5D-F57D-4579-978B-7000A5D6BFB6}"
EndProject
Project("{FAE04EC0-301F-11D3-BF4B-00C04F79EFBC}") = "F1InsertTests", "F1InsertTests\F1InsertTests.csproj", "{51EF6F9E-CF6A-4435-8D10-C2B4C95EFBA7}"
EndProject
Project("{FAE04EC0-301F-11D3-BF4B-00C04F79EFBC}") = "Data", "Data\Data.csproj", "{A4A978D9-4494-4800-AEC6-A045C47A19AF}"
EndProject
Project("{FAE04EC0-301F-11D3-BF4B-00C04F79EFBC}") = "F2InsertTests", "F2InsertTests\F2InsertTests.csproj", "{F69D0B02-EDCE-4D48-A6B0-0B795882904B}"
EndProject
Project("{FAE04EC0-301F-11D3-BF4B-00C04F79EFBC}") = "F3InsertTests", "F3InsertTests\F3InsertTests.csproj", "{E9EFABD8-1E9F-4D13-864A-483A014B88CE}"
EndProject
Project("{2150E333-8FDC-42A3-9474-1A3956D46DE8}") = "SelectTests", "SelectTests", "{0F97D9E5-8A00-4B03-9813-3B81337E4690}"
EndProject
Project("{FAE04EC0-301F-11D3-BF4B-00C04F79EFBC}") = "F0SelectTests", "F0SelectTests\F0SelectTests.csproj", "{18B8BE04-0F29-4292-ACCC-1D31EC7F633D}"
EndProject
Project("{FAE04EC0-301F-11D3-BF4B-00C04F79EFBC}") = "F1SelectTests", "F1SelectTests\F1SelectTests.csproj", "{6A239653-ECD2-4562-BBB7-C61653E587DA}"
EndProject
Project("{FAE04EC0-301F-11D3-BF4B-00C04F79EFBC}") = "F2SelectTests", "F2SelectTests\F2SelectTests.csproj", "{3F6859C9-F132-4E8A-82CD-26354C720E47}"
EndProject
Project("{FAE04EC0-301F-11D3-BF4B-00C04F79EFBC}") = "F3SelectTests", "F3SelectTests\F3SelectTests.csproj", "{F9D11171-B440-4469-96A4-DADFD4779029}"
EndProject
Project("{FAE04EC0-301F-11D3-BF4B-00C04F79EFBC}") = "GlobalConfigBase", "GlobalConfigBase\GlobalConfigBase.csproj", "{5CF6F81C-5D46-4FD5-9101-B0DF70407DF6}"
EndProject
Project("{FAE04EC0-301F-11D3-BF4B-00C04F79EFBC}") = "F0GlobalConfig", "F0GlobalConfig\F0GlobalConfig.csproj", "{A4796021-FA1F-406F-B7B7-4555D6225F79}"
EndProject
Project("{FAE04EC0-301F-11D3-BF4B-00C04F79EFBC}") = "F1GlobalConfig", "F1GlobalConfig\F1GlobalConfig.csproj", "{F6B15E96-8C41-47C6-8968-0C5F28BF995E}"
EndProject
Project("{FAE04EC0-301F-11D3-BF4B-00C04F79EFBC}") = "F2GlobalConfig", "F2GlobalConfig\F2GlobalConfig.csproj", "{4D0D00DB-7359-4A72-8ECF-F3D7D4237691}"
EndProject
Project("{FAE04EC0-301F-11D3-BF4B-00C04F79EFBC}") = "F3GlobalConfig", "F3GlobalConfig\F3GlobalConfig.csproj", "{A7CDC935-15D4-4647-9B89-21B82CDFFBF6}"
EndProject
Project("{2150E333-8FDC-42A3-9474-1A3956D46DE8}") = "GlobalConfigs", "GlobalConfigs", "{DA83034B-5426-4BEB-B4F1-41F8897BEFAC}"
EndProject
Project("{2150E333-8FDC-42A3-9474-1A3956D46DE8}") = "DeleteTests", "DeleteTests", "{BF290925-44B5-41BC-BF4E-2598DCF5B8A8}"
EndProject
Project("{FAE04EC0-301F-11D3-BF4B-00C04F79EFBC}") = "F0DeleteTests", "F0DeleteTests\F0DeleteTests.csproj", "{FBC466D7-F4E0-4F50-ABB3-0759445779C5}"
EndProject
Project("{FAE04EC0-301F-11D3-BF4B-00C04F79EFBC}") = "F1DeleteTests", "F1DeleteTests\F1DeleteTests.csproj", "{76008C69-1649-434F-AD56-C46160F9E3A2}"
EndProject
Project("{FAE04EC0-301F-11D3-BF4B-00C04F79EFBC}") = "F2DeleteTests", "F2DeleteTests\F2DeleteTests.csproj", "{2A5F0BE8-DD62-41BE-A1A5-6CCF4F17E671}"
EndProject
Project("{FAE04EC0-301F-11D3-BF4B-00C04F79EFBC}") = "F3DeleteTests", "F3DeleteTests\F3DeleteTests.csproj", "{D6359510-458B-453D-9F37-ADE2113AA09F}"
EndProject
Project("{2150E333-8FDC-42A3-9474-1A3956D46DE8}") = "UpdateTests", "UpdateTests", "{2496900F-383D-4D00-A954-59511CDAD304}"
EndProject
Project("{FAE04EC0-301F-11D3-BF4B-00C04F79EFBC}") = "F0UpdateTest", "F0UpdateTest\F0UpdateTest.csproj", "{B5EC98FF-60C8-45BB-8270-CCEBD1883B7B}"
EndProject
Project("{FAE04EC0-301F-11D3-BF4B-00C04F79EFBC}") = "F1UpdateTest", "F1UpdateTest\F1UpdateTest.csproj", "{2CCDCD3A-939A-49E0-9F25-9C253E7BDF89}"
EndProject
Project("{FAE04EC0-301F-11D3-BF4B-00C04F79EFBC}") = "F2UpdateTest", "F2UpdateTest\F2UpdateTest.csproj", "{91F9AD7C-5153-424A-820D-A3AEBEF9F240}"
EndProject
Project("{FAE04EC0-301F-11D3-BF4B-00C04F79EFBC}") = "F3UpdateTest", "F3UpdateTest\F3UpdateTest.csproj", "{7294CEE8-DC41-4E82-AA5E-5A3D9C4A349B}"
EndProject
Global
	GlobalSection(SolutionConfigurationPlatforms) = preSolution
		Debug|Any CPU = Debug|Any CPU
		Release|Any CPU = Release|Any CPU
	EndGlobalSection
	GlobalSection(ProjectConfigurationPlatforms) = postSolution
		{CEFBAA86-2C2F-416B-A843-7E5217D0B436}.Debug|Any CPU.ActiveCfg = Debug|Any CPU
		{CEFBAA86-2C2F-416B-A843-7E5217D0B436}.Debug|Any CPU.Build.0 = Debug|Any CPU
		{CEFBAA86-2C2F-416B-A843-7E5217D0B436}.Release|Any CPU.ActiveCfg = Release|Any CPU
		{CEFBAA86-2C2F-416B-A843-7E5217D0B436}.Release|Any CPU.Build.0 = Release|Any CPU
		{64455C96-088B-4222-95AD-67D4E2CDFFC7}.Debug|Any CPU.ActiveCfg = Debug|Any CPU
		{64455C96-088B-4222-95AD-67D4E2CDFFC7}.Debug|Any CPU.Build.0 = Debug|Any CPU
		{64455C96-088B-4222-95AD-67D4E2CDFFC7}.Release|Any CPU.ActiveCfg = Release|Any CPU
		{64455C96-088B-4222-95AD-67D4E2CDFFC7}.Release|Any CPU.Build.0 = Release|Any CPU
		{B1FB3082-5A2D-4103-AFAC-F9E174DD61A7}.Debug|Any CPU.ActiveCfg = Debug|Any CPU
		{B1FB3082-5A2D-4103-AFAC-F9E174DD61A7}.Debug|Any CPU.Build.0 = Debug|Any CPU
		{B1FB3082-5A2D-4103-AFAC-F9E174DD61A7}.Release|Any CPU.ActiveCfg = Release|Any CPU
		{B1FB3082-5A2D-4103-AFAC-F9E174DD61A7}.Release|Any CPU.Build.0 = Release|Any CPU
		{DD4D867A-2898-4141-8760-9E4532756FA1}.Debug|Any CPU.ActiveCfg = Debug|Any CPU
		{DD4D867A-2898-4141-8760-9E4532756FA1}.Debug|Any CPU.Build.0 = Debug|Any CPU
		{DD4D867A-2898-4141-8760-9E4532756FA1}.Release|Any CPU.ActiveCfg = Release|Any CPU
		{DD4D867A-2898-4141-8760-9E4532756FA1}.Release|Any CPU.Build.0 = Release|Any CPU
		{27FC8C9B-E01C-49C2-B4A3-512F86D0573A}.Debug|Any CPU.ActiveCfg = Debug|Any CPU
		{27FC8C9B-E01C-49C2-B4A3-512F86D0573A}.Debug|Any CPU.Build.0 = Debug|Any CPU
		{27FC8C9B-E01C-49C2-B4A3-512F86D0573A}.Release|Any CPU.ActiveCfg = Release|Any CPU
		{27FC8C9B-E01C-49C2-B4A3-512F86D0573A}.Release|Any CPU.Build.0 = Release|Any CPU
		{B600FB2C-1363-4F86-97DA-A65BD2BEFF8B}.Debug|Any CPU.ActiveCfg = Debug|Any CPU
		{B600FB2C-1363-4F86-97DA-A65BD2BEFF8B}.Debug|Any CPU.Build.0 = Debug|Any CPU
		{B600FB2C-1363-4F86-97DA-A65BD2BEFF8B}.Release|Any CPU.ActiveCfg = Release|Any CPU
		{B600FB2C-1363-4F86-97DA-A65BD2BEFF8B}.Release|Any CPU.Build.0 = Release|Any CPU
		{E4787020-6138-46F8-BB04-A898F29C8BF3}.Debug|Any CPU.ActiveCfg = Debug|Any CPU
		{E4787020-6138-46F8-BB04-A898F29C8BF3}.Debug|Any CPU.Build.0 = Debug|Any CPU
		{E4787020-6138-46F8-BB04-A898F29C8BF3}.Release|Any CPU.ActiveCfg = Release|Any CPU
		{E4787020-6138-46F8-BB04-A898F29C8BF3}.Release|Any CPU.Build.0 = Release|Any CPU
		{53B571E6-8376-4871-82C0-33A58D63AC04}.Debug|Any CPU.ActiveCfg = Debug|Any CPU
		{53B571E6-8376-4871-82C0-33A58D63AC04}.Debug|Any CPU.Build.0 = Debug|Any CPU
		{53B571E6-8376-4871-82C0-33A58D63AC04}.Release|Any CPU.ActiveCfg = Release|Any CPU
		{53B571E6-8376-4871-82C0-33A58D63AC04}.Release|Any CPU.Build.0 = Release|Any CPU
		{D1F1AE38-14E9-414B-BE05-8D8704B903D6}.Debug|Any CPU.ActiveCfg = Debug|Any CPU
		{D1F1AE38-14E9-414B-BE05-8D8704B903D6}.Debug|Any CPU.Build.0 = Debug|Any CPU
		{D1F1AE38-14E9-414B-BE05-8D8704B903D6}.Release|Any CPU.ActiveCfg = Release|Any CPU
		{D1F1AE38-14E9-414B-BE05-8D8704B903D6}.Release|Any CPU.Build.0 = Release|Any CPU
		{623EABD3-0D64-4287-A2F1-03627BE01328}.Debug|Any CPU.ActiveCfg = Debug|Any CPU
		{623EABD3-0D64-4287-A2F1-03627BE01328}.Debug|Any CPU.Build.0 = Debug|Any CPU
		{623EABD3-0D64-4287-A2F1-03627BE01328}.Release|Any CPU.ActiveCfg = Release|Any CPU
		{623EABD3-0D64-4287-A2F1-03627BE01328}.Release|Any CPU.Build.0 = Release|Any CPU
		{79FBE00E-8A13-43C4-8C9E-4D408A5C4156}.Debug|Any CPU.ActiveCfg = Debug|Any CPU
		{79FBE00E-8A13-43C4-8C9E-4D408A5C4156}.Debug|Any CPU.Build.0 = Debug|Any CPU
		{79FBE00E-8A13-43C4-8C9E-4D408A5C4156}.Release|Any CPU.ActiveCfg = Release|Any CPU
		{79FBE00E-8A13-43C4-8C9E-4D408A5C4156}.Release|Any CPU.Build.0 = Release|Any CPU
		{95251181-3C3F-4410-A991-2E23F10C53E5}.Debug|Any CPU.ActiveCfg = Debug|Any CPU
		{95251181-3C3F-4410-A991-2E23F10C53E5}.Debug|Any CPU.Build.0 = Debug|Any CPU
		{95251181-3C3F-4410-A991-2E23F10C53E5}.Release|Any CPU.ActiveCfg = Release|Any CPU
		{95251181-3C3F-4410-A991-2E23F10C53E5}.Release|Any CPU.Build.0 = Release|Any CPU
		{7AFD54B0-4312-43A5-9C88-63E1E4199360}.Debug|Any CPU.ActiveCfg = Debug|Any CPU
		{7AFD54B0-4312-43A5-9C88-63E1E4199360}.Debug|Any CPU.Build.0 = Debug|Any CPU
		{7AFD54B0-4312-43A5-9C88-63E1E4199360}.Release|Any CPU.ActiveCfg = Release|Any CPU
		{7AFD54B0-4312-43A5-9C88-63E1E4199360}.Release|Any CPU.Build.0 = Release|Any CPU
		{376F6E7A-F0E1-4A96-B75C-E7980751560D}.Debug|Any CPU.ActiveCfg = Debug|Any CPU
		{376F6E7A-F0E1-4A96-B75C-E7980751560D}.Debug|Any CPU.Build.0 = Debug|Any CPU
		{376F6E7A-F0E1-4A96-B75C-E7980751560D}.Release|Any CPU.ActiveCfg = Release|Any CPU
		{376F6E7A-F0E1-4A96-B75C-E7980751560D}.Release|Any CPU.Build.0 = Release|Any CPU
		{95FF86FE-CDB8-4C57-9119-FD04D2C8C3D6}.Debug|Any CPU.ActiveCfg = Debug|Any CPU
		{95FF86FE-CDB8-4C57-9119-FD04D2C8C3D6}.Debug|Any CPU.Build.0 = Debug|Any CPU
		{95FF86FE-CDB8-4C57-9119-FD04D2C8C3D6}.Release|Any CPU.ActiveCfg = Release|Any CPU
		{95FF86FE-CDB8-4C57-9119-FD04D2C8C3D6}.Release|Any CPU.Build.0 = Release|Any CPU
		{CA80F6FE-5260-4288-B57B-14B4AEA67987}.Debug|Any CPU.ActiveCfg = Debug|Any CPU
		{CA80F6FE-5260-4288-B57B-14B4AEA67987}.Debug|Any CPU.Build.0 = Debug|Any CPU
		{CA80F6FE-5260-4288-B57B-14B4AEA67987}.Release|Any CPU.ActiveCfg = Release|Any CPU
		{CA80F6FE-5260-4288-B57B-14B4AEA67987}.Release|Any CPU.Build.0 = Release|Any CPU
		{80FF59D9-DF9C-4E01-9199-276B95E5487E}.Debug|Any CPU.ActiveCfg = Debug|Any CPU
		{80FF59D9-DF9C-4E01-9199-276B95E5487E}.Debug|Any CPU.Build.0 = Debug|Any CPU
		{80FF59D9-DF9C-4E01-9199-276B95E5487E}.Release|Any CPU.ActiveCfg = Release|Any CPU
		{80FF59D9-DF9C-4E01-9199-276B95E5487E}.Release|Any CPU.Build.0 = Release|Any CPU
		{B135AE5D-F57D-4579-978B-7000A5D6BFB6}.Debug|Any CPU.ActiveCfg = Debug|Any CPU
		{B135AE5D-F57D-4579-978B-7000A5D6BFB6}.Debug|Any CPU.Build.0 = Debug|Any CPU
		{B135AE5D-F57D-4579-978B-7000A5D6BFB6}.Release|Any CPU.ActiveCfg = Release|Any CPU
		{B135AE5D-F57D-4579-978B-7000A5D6BFB6}.Release|Any CPU.Build.0 = Release|Any CPU
		{51EF6F9E-CF6A-4435-8D10-C2B4C95EFBA7}.Debug|Any CPU.ActiveCfg = Debug|Any CPU
		{51EF6F9E-CF6A-4435-8D10-C2B4C95EFBA7}.Debug|Any CPU.Build.0 = Debug|Any CPU
		{51EF6F9E-CF6A-4435-8D10-C2B4C95EFBA7}.Release|Any CPU.ActiveCfg = Release|Any CPU
		{51EF6F9E-CF6A-4435-8D10-C2B4C95EFBA7}.Release|Any CPU.Build.0 = Release|Any CPU
		{A4A978D9-4494-4800-AEC6-A045C47A19AF}.Debug|Any CPU.ActiveCfg = Debug|Any CPU
		{A4A978D9-4494-4800-AEC6-A045C47A19AF}.Debug|Any CPU.Build.0 = Debug|Any CPU
		{A4A978D9-4494-4800-AEC6-A045C47A19AF}.Release|Any CPU.ActiveCfg = Release|Any CPU
		{A4A978D9-4494-4800-AEC6-A045C47A19AF}.Release|Any CPU.Build.0 = Release|Any CPU
		{F69D0B02-EDCE-4D48-A6B0-0B795882904B}.Debug|Any CPU.ActiveCfg = Debug|Any CPU
		{F69D0B02-EDCE-4D48-A6B0-0B795882904B}.Debug|Any CPU.Build.0 = Debug|Any CPU
		{F69D0B02-EDCE-4D48-A6B0-0B795882904B}.Release|Any CPU.ActiveCfg = Release|Any CPU
		{F69D0B02-EDCE-4D48-A6B0-0B795882904B}.Release|Any CPU.Build.0 = Release|Any CPU
		{E9EFABD8-1E9F-4D13-864A-483A014B88CE}.Debug|Any CPU.ActiveCfg = Debug|Any CPU
		{E9EFABD8-1E9F-4D13-864A-483A014B88CE}.Debug|Any CPU.Build.0 = Debug|Any CPU
		{E9EFABD8-1E9F-4D13-864A-483A014B88CE}.Release|Any CPU.ActiveCfg = Release|Any CPU
		{E9EFABD8-1E9F-4D13-864A-483A014B88CE}.Release|Any CPU.Build.0 = Release|Any CPU
		{18B8BE04-0F29-4292-ACCC-1D31EC7F633D}.Debug|Any CPU.ActiveCfg = Debug|Any CPU
		{18B8BE04-0F29-4292-ACCC-1D31EC7F633D}.Debug|Any CPU.Build.0 = Debug|Any CPU
		{18B8BE04-0F29-4292-ACCC-1D31EC7F633D}.Release|Any CPU.ActiveCfg = Release|Any CPU
		{18B8BE04-0F29-4292-ACCC-1D31EC7F633D}.Release|Any CPU.Build.0 = Release|Any CPU
		{6A239653-ECD2-4562-BBB7-C61653E587DA}.Debug|Any CPU.ActiveCfg = Debug|Any CPU
		{6A239653-ECD2-4562-BBB7-C61653E587DA}.Debug|Any CPU.Build.0 = Debug|Any CPU
		{6A239653-ECD2-4562-BBB7-C61653E587DA}.Release|Any CPU.ActiveCfg = Release|Any CPU
		{6A239653-ECD2-4562-BBB7-C61653E587DA}.Release|Any CPU.Build.0 = Release|Any CPU
		{3F6859C9-F132-4E8A-82CD-26354C720E47}.Debug|Any CPU.ActiveCfg = Debug|Any CPU
		{3F6859C9-F132-4E8A-82CD-26354C720E47}.Debug|Any CPU.Build.0 = Debug|Any CPU
		{3F6859C9-F132-4E8A-82CD-26354C720E47}.Release|Any CPU.ActiveCfg = Release|Any CPU
		{3F6859C9-F132-4E8A-82CD-26354C720E47}.Release|Any CPU.Build.0 = Release|Any CPU
		{F9D11171-B440-4469-96A4-DADFD4779029}.Debug|Any CPU.ActiveCfg = Debug|Any CPU
		{F9D11171-B440-4469-96A4-DADFD4779029}.Debug|Any CPU.Build.0 = Debug|Any CPU
		{F9D11171-B440-4469-96A4-DADFD4779029}.Release|Any CPU.ActiveCfg = Release|Any CPU
		{F9D11171-B440-4469-96A4-DADFD4779029}.Release|Any CPU.Build.0 = Release|Any CPU
		{5CF6F81C-5D46-4FD5-9101-B0DF70407DF6}.Debug|Any CPU.ActiveCfg = Debug|Any CPU
		{5CF6F81C-5D46-4FD5-9101-B0DF70407DF6}.Debug|Any CPU.Build.0 = Debug|Any CPU
		{5CF6F81C-5D46-4FD5-9101-B0DF70407DF6}.Release|Any CPU.ActiveCfg = Release|Any CPU
		{5CF6F81C-5D46-4FD5-9101-B0DF70407DF6}.Release|Any CPU.Build.0 = Release|Any CPU
		{A4796021-FA1F-406F-B7B7-4555D6225F79}.Debug|Any CPU.ActiveCfg = Debug|Any CPU
		{A4796021-FA1F-406F-B7B7-4555D6225F79}.Debug|Any CPU.Build.0 = Debug|Any CPU
		{A4796021-FA1F-406F-B7B7-4555D6225F79}.Release|Any CPU.ActiveCfg = Release|Any CPU
		{A4796021-FA1F-406F-B7B7-4555D6225F79}.Release|Any CPU.Build.0 = Release|Any CPU
		{F6B15E96-8C41-47C6-8968-0C5F28BF995E}.Debug|Any CPU.ActiveCfg = Debug|Any CPU
		{F6B15E96-8C41-47C6-8968-0C5F28BF995E}.Debug|Any CPU.Build.0 = Debug|Any CPU
		{F6B15E96-8C41-47C6-8968-0C5F28BF995E}.Release|Any CPU.ActiveCfg = Release|Any CPU
		{F6B15E96-8C41-47C6-8968-0C5F28BF995E}.Release|Any CPU.Build.0 = Release|Any CPU
		{4D0D00DB-7359-4A72-8ECF-F3D7D4237691}.Debug|Any CPU.ActiveCfg = Debug|Any CPU
		{4D0D00DB-7359-4A72-8ECF-F3D7D4237691}.Debug|Any CPU.Build.0 = Debug|Any CPU
		{4D0D00DB-7359-4A72-8ECF-F3D7D4237691}.Release|Any CPU.ActiveCfg = Release|Any CPU
		{4D0D00DB-7359-4A72-8ECF-F3D7D4237691}.Release|Any CPU.Build.0 = Release|Any CPU
		{A7CDC935-15D4-4647-9B89-21B82CDFFBF6}.Debug|Any CPU.ActiveCfg = Debug|Any CPU
		{A7CDC935-15D4-4647-9B89-21B82CDFFBF6}.Debug|Any CPU.Build.0 = Debug|Any CPU
		{A7CDC935-15D4-4647-9B89-21B82CDFFBF6}.Release|Any CPU.ActiveCfg = Release|Any CPU
		{A7CDC935-15D4-4647-9B89-21B82CDFFBF6}.Release|Any CPU.Build.0 = Release|Any CPU
		{FBC466D7-F4E0-4F50-ABB3-0759445779C5}.Debug|Any CPU.ActiveCfg = Debug|Any CPU
		{FBC466D7-F4E0-4F50-ABB3-0759445779C5}.Debug|Any CPU.Build.0 = Debug|Any CPU
		{FBC466D7-F4E0-4F50-ABB3-0759445779C5}.Release|Any CPU.ActiveCfg = Release|Any CPU
		{FBC466D7-F4E0-4F50-ABB3-0759445779C5}.Release|Any CPU.Build.0 = Release|Any CPU
		{76008C69-1649-434F-AD56-C46160F9E3A2}.Debug|Any CPU.ActiveCfg = Debug|Any CPU
		{76008C69-1649-434F-AD56-C46160F9E3A2}.Debug|Any CPU.Build.0 = Debug|Any CPU
		{76008C69-1649-434F-AD56-C46160F9E3A2}.Release|Any CPU.ActiveCfg = Release|Any CPU
		{76008C69-1649-434F-AD56-C46160F9E3A2}.Release|Any CPU.Build.0 = Release|Any CPU
		{2A5F0BE8-DD62-41BE-A1A5-6CCF4F17E671}.Debug|Any CPU.ActiveCfg = Debug|Any CPU
		{2A5F0BE8-DD62-41BE-A1A5-6CCF4F17E671}.Debug|Any CPU.Build.0 = Debug|Any CPU
		{2A5F0BE8-DD62-41BE-A1A5-6CCF4F17E671}.Release|Any CPU.ActiveCfg = Release|Any CPU
		{2A5F0BE8-DD62-41BE-A1A5-6CCF4F17E671}.Release|Any CPU.Build.0 = Release|Any CPU
		{D6359510-458B-453D-9F37-ADE2113AA09F}.Debug|Any CPU.ActiveCfg = Debug|Any CPU
		{D6359510-458B-453D-9F37-ADE2113AA09F}.Debug|Any CPU.Build.0 = Debug|Any CPU
		{D6359510-458B-453D-9F37-ADE2113AA09F}.Release|Any CPU.ActiveCfg = Release|Any CPU
		{D6359510-458B-453D-9F37-ADE2113AA09F}.Release|Any CPU.Build.0 = Release|Any CPU
		{B5EC98FF-60C8-45BB-8270-CCEBD1883B7B}.Debug|Any CPU.ActiveCfg = Debug|Any CPU
		{B5EC98FF-60C8-45BB-8270-CCEBD1883B7B}.Debug|Any CPU.Build.0 = Debug|Any CPU
		{B5EC98FF-60C8-45BB-8270-CCEBD1883B7B}.Release|Any CPU.ActiveCfg = Release|Any CPU
		{B5EC98FF-60C8-45BB-8270-CCEBD1883B7B}.Release|Any CPU.Build.0 = Release|Any CPU
		{2CCDCD3A-939A-49E0-9F25-9C253E7BDF89}.Debug|Any CPU.ActiveCfg = Debug|Any CPU
		{2CCDCD3A-939A-49E0-9F25-9C253E7BDF89}.Debug|Any CPU.Build.0 = Debug|Any CPU
		{2CCDCD3A-939A-49E0-9F25-9C253E7BDF89}.Release|Any CPU.ActiveCfg = Release|Any CPU
		{2CCDCD3A-939A-49E0-9F25-9C253E7BDF89}.Release|Any CPU.Build.0 = Release|Any CPU
		{91F9AD7C-5153-424A-820D-A3AEBEF9F240}.Debug|Any CPU.ActiveCfg = Debug|Any CPU
		{91F9AD7C-5153-424A-820D-A3AEBEF9F240}.Debug|Any CPU.Build.0 = Debug|Any CPU
		{91F9AD7C-5153-424A-820D-A3AEBEF9F240}.Release|Any CPU.ActiveCfg = Release|Any CPU
		{91F9AD7C-5153-424A-820D-A3AEBEF9F240}.Release|Any CPU.Build.0 = Release|Any CPU
		{7294CEE8-DC41-4E82-AA5E-5A3D9C4A349B}.Debug|Any CPU.ActiveCfg = Debug|Any CPU
		{7294CEE8-DC41-4E82-AA5E-5A3D9C4A349B}.Debug|Any CPU.Build.0 = Debug|Any CPU
		{7294CEE8-DC41-4E82-AA5E-5A3D9C4A349B}.Release|Any CPU.ActiveCfg = Release|Any CPU
		{7294CEE8-DC41-4E82-AA5E-5A3D9C4A349B}.Release|Any CPU.Build.0 = Release|Any CPU
	EndGlobalSection
	GlobalSection(NestedProjects) = preSolution
		{B1FB3082-5A2D-4103-AFAC-F9E174DD61A7} = {85087494-446E-415C-88D9-A12C63DEDDCF}
		{DD4D867A-2898-4141-8760-9E4532756FA1} = {85087494-446E-415C-88D9-A12C63DEDDCF}
		{64455C96-088B-4222-95AD-67D4E2CDFFC7} = {85087494-446E-415C-88D9-A12C63DEDDCF}
		{CEFBAA86-2C2F-416B-A843-7E5217D0B436} = {85087494-446E-415C-88D9-A12C63DEDDCF}
		{27FC8C9B-E01C-49C2-B4A3-512F86D0573A} = {18E3AC68-18BA-43F4-B78D-AF3BAAF43985}
		{B600FB2C-1363-4F86-97DA-A65BD2BEFF8B} = {18E3AC68-18BA-43F4-B78D-AF3BAAF43985}
		{E4787020-6138-46F8-BB04-A898F29C8BF3} = {18E3AC68-18BA-43F4-B78D-AF3BAAF43985}
		{53B571E6-8376-4871-82C0-33A58D63AC04} = {F633EBC1-8367-4573-AAA8-D4EDCCCC5F10}
		{D1F1AE38-14E9-414B-BE05-8D8704B903D6} = {F633EBC1-8367-4573-AAA8-D4EDCCCC5F10}
		{623EABD3-0D64-4287-A2F1-03627BE01328} = {F633EBC1-8367-4573-AAA8-D4EDCCCC5F10}
		{79FBE00E-8A13-43C4-8C9E-4D408A5C4156} = {F633EBC1-8367-4573-AAA8-D4EDCCCC5F10}
		{95251181-3C3F-4410-A991-2E23F10C53E5} = {F633EBC1-8367-4573-AAA8-D4EDCCCC5F10}
		{7AFD54B0-4312-43A5-9C88-63E1E4199360} = {F633EBC1-8367-4573-AAA8-D4EDCCCC5F10}
		{376F6E7A-F0E1-4A96-B75C-E7980751560D} = {F633EBC1-8367-4573-AAA8-D4EDCCCC5F10}
		{95FF86FE-CDB8-4C57-9119-FD04D2C8C3D6} = {F633EBC1-8367-4573-AAA8-D4EDCCCC5F10}
		{CA80F6FE-5260-4288-B57B-14B4AEA67987} = {365371BB-FAB9-4441-9B15-FB7A6349D192}
		{1D3D7592-7A73-48B7-ABE8-CBE8E476C821} = {822F9432-DAF2-4F82-BD50-9BEF689E6DCB}
		{B135AE5D-F57D-4579-978B-7000A5D6BFB6} = {1D3D7592-7A73-48B7-ABE8-CBE8E476C821}
		{51EF6F9E-CF6A-4435-8D10-C2B4C95EFBA7} = {1D3D7592-7A73-48B7-ABE8-CBE8E476C821}
		{F69D0B02-EDCE-4D48-A6B0-0B795882904B} = {1D3D7592-7A73-48B7-ABE8-CBE8E476C821}
		{E9EFABD8-1E9F-4D13-864A-483A014B88CE} = {1D3D7592-7A73-48B7-ABE8-CBE8E476C821}
		{0F97D9E5-8A00-4B03-9813-3B81337E4690} = {822F9432-DAF2-4F82-BD50-9BEF689E6DCB}
		{18B8BE04-0F29-4292-ACCC-1D31EC7F633D} = {0F97D9E5-8A00-4B03-9813-3B81337E4690}
		{6A239653-ECD2-4562-BBB7-C61653E587DA} = {0F97D9E5-8A00-4B03-9813-3B81337E4690}
		{3F6859C9-F132-4E8A-82CD-26354C720E47} = {0F97D9E5-8A00-4B03-9813-3B81337E4690}
		{F9D11171-B440-4469-96A4-DADFD4779029} = {0F97D9E5-8A00-4B03-9813-3B81337E4690}
		{DA83034B-5426-4BEB-B4F1-41F8897BEFAC} = {822F9432-DAF2-4F82-BD50-9BEF689E6DCB}
		{A7CDC935-15D4-4647-9B89-21B82CDFFBF6} = {DA83034B-5426-4BEB-B4F1-41F8897BEFAC}
		{4D0D00DB-7359-4A72-8ECF-F3D7D4237691} = {DA83034B-5426-4BEB-B4F1-41F8897BEFAC}
		{F6B15E96-8C41-47C6-8968-0C5F28BF995E} = {DA83034B-5426-4BEB-B4F1-41F8897BEFAC}
		{A4796021-FA1F-406F-B7B7-4555D6225F79} = {DA83034B-5426-4BEB-B4F1-41F8897BEFAC}
		{5CF6F81C-5D46-4FD5-9101-B0DF70407DF6} = {DA83034B-5426-4BEB-B4F1-41F8897BEFAC}
		{BF290925-44B5-41BC-BF4E-2598DCF5B8A8} = {822F9432-DAF2-4F82-BD50-9BEF689E6DCB}
		{FBC466D7-F4E0-4F50-ABB3-0759445779C5} = {BF290925-44B5-41BC-BF4E-2598DCF5B8A8}
		{76008C69-1649-434F-AD56-C46160F9E3A2} = {BF290925-44B5-41BC-BF4E-2598DCF5B8A8}
		{2A5F0BE8-DD62-41BE-A1A5-6CCF4F17E671} = {BF290925-44B5-41BC-BF4E-2598DCF5B8A8}
		{D6359510-458B-453D-9F37-ADE2113AA09F} = {BF290925-44B5-41BC-BF4E-2598DCF5B8A8}
		{2496900F-383D-4D00-A954-59511CDAD304} = {822F9432-DAF2-4F82-BD50-9BEF689E6DCB}
		{B5EC98FF-60C8-45BB-8270-CCEBD1883B7B} = {2496900F-383D-4D00-A954-59511CDAD304}
		{2CCDCD3A-939A-49E0-9F25-9C253E7BDF89} = {2496900F-383D-4D00-A954-59511CDAD304}
		{91F9AD7C-5153-424A-820D-A3AEBEF9F240} = {2496900F-383D-4D00-A954-59511CDAD304}
		{7294CEE8-DC41-4E82-AA5E-5A3D9C4A349B} = {2496900F-383D-4D00-A954-59511CDAD304}
	EndGlobalSection
EndGlobal
