
Microsoft Visual Studio Solution File, Format Version 12.00
# Visual Studio Version 17
VisualStudioVersion = 17.0.31903.59
MinimumVisualStudioVersion = 10.0.40219.1
Project("{9A19103F-16F7-4668-BE54-9A1E7A4F7556}") = "ORM.Core", "ORM.Core\ORM.Core.csproj", "{3E14ABB2-E80D-4111-833C-E6D20B4ED91B}"
EndProject
Project("{9A19103F-16F7-4668-BE54-9A1E7A4F7556}") = "ORM.ConsoleApp", "ORM.ConsoleApp\ORM.ConsoleApp.csproj", "{B34B973D-3360-4D03-AB09-A0632D7BE4FB}"
EndProject
Project("{9A19103F-16F7-4668-BE54-9A1E7A4F7556}") = "ORM.Core.Test", "ORM.Core.Test\ORM.Core.Test.csproj", "{E9D0C884-7A0B-466F-98EF-4A6E0E3117F3}"
EndProject
Project("{2150E333-8FDC-42A3-9474-1A3956D46DE8}") = "Test", "Test", "{C4BF0688-828E-4676-8170-178655E01DD1}"
EndProject
Project("{9A19103F-16F7-4668-BE54-9A1E7A4F7556}") = "ORM.PostgresSQL", "ORM.PostgresSQL\ORM.PostgresSQL.csproj", "{E8FB071E-8C60-4F91-A483-A75573B97DFA}"
EndProject
Project("{2150E333-8FDC-42A3-9474-1A3956D46DE8}") = "src", "src", "{38FEAF9B-EEB3-4A47-83B9-FBEFCDCC441D}"
EndProject
Project("{9A19103F-16F7-4668-BE54-9A1E7A4F7556}") = "ORM.PostgresSQL.Test", "ORM.PostgresSQL.Test\ORM.PostgresSQL.Test.csproj", "{B8F247CA-6060-4BD7-901D-EB3A9A08E1E4}"
EndProject
Project("{FAE04EC0-301F-11D3-BF4B-00C04F79EFBC}") = "ORM.Cache", "ORM.Cache\ORM.Cache.csproj", "{FBCA8545-6162-41FB-8F1E-9CEAF58A2E9B}"
EndProject
Project("{FAE04EC0-301F-11D3-BF4B-00C04F79EFBC}") = "ORM.Cache.Test", "ORM.Cache.Test\ORM.Cache.Test.csproj", "{5EF7E2DE-151C-4B1D-8792-42CCA870F4E0}"
EndProject
Global
	GlobalSection(SolutionConfigurationPlatforms) = preSolution
		Debug|Any CPU = Debug|Any CPU
		Release|Any CPU = Release|Any CPU
	EndGlobalSection
	GlobalSection(ProjectConfigurationPlatforms) = postSolution
		{3E14ABB2-E80D-4111-833C-E6D20B4ED91B}.Debug|Any CPU.ActiveCfg = Debug|Any CPU
		{3E14ABB2-E80D-4111-833C-E6D20B4ED91B}.Debug|Any CPU.Build.0 = Debug|Any CPU
		{3E14ABB2-E80D-4111-833C-E6D20B4ED91B}.Release|Any CPU.ActiveCfg = Release|Any CPU
		{3E14ABB2-E80D-4111-833C-E6D20B4ED91B}.Release|Any CPU.Build.0 = Release|Any CPU
		{B34B973D-3360-4D03-AB09-A0632D7BE4FB}.Debug|Any CPU.ActiveCfg = Debug|Any CPU
		{B34B973D-3360-4D03-AB09-A0632D7BE4FB}.Debug|Any CPU.Build.0 = Debug|Any CPU
		{B34B973D-3360-4D03-AB09-A0632D7BE4FB}.Release|Any CPU.ActiveCfg = Release|Any CPU
		{B34B973D-3360-4D03-AB09-A0632D7BE4FB}.Release|Any CPU.Build.0 = Release|Any CPU
		{E9D0C884-7A0B-466F-98EF-4A6E0E3117F3}.Debug|Any CPU.ActiveCfg = Debug|Any CPU
		{E9D0C884-7A0B-466F-98EF-4A6E0E3117F3}.Debug|Any CPU.Build.0 = Debug|Any CPU
		{E9D0C884-7A0B-466F-98EF-4A6E0E3117F3}.Release|Any CPU.ActiveCfg = Release|Any CPU
		{E9D0C884-7A0B-466F-98EF-4A6E0E3117F3}.Release|Any CPU.Build.0 = Release|Any CPU
		{E8FB071E-8C60-4F91-A483-A75573B97DFA}.Debug|Any CPU.ActiveCfg = Debug|Any CPU
		{E8FB071E-8C60-4F91-A483-A75573B97DFA}.Debug|Any CPU.Build.0 = Debug|Any CPU
		{E8FB071E-8C60-4F91-A483-A75573B97DFA}.Release|Any CPU.ActiveCfg = Release|Any CPU
		{E8FB071E-8C60-4F91-A483-A75573B97DFA}.Release|Any CPU.Build.0 = Release|Any CPU
		{B8F247CA-6060-4BD7-901D-EB3A9A08E1E4}.Debug|Any CPU.ActiveCfg = Debug|Any CPU
		{B8F247CA-6060-4BD7-901D-EB3A9A08E1E4}.Debug|Any CPU.Build.0 = Debug|Any CPU
		{B8F247CA-6060-4BD7-901D-EB3A9A08E1E4}.Release|Any CPU.ActiveCfg = Release|Any CPU
		{B8F247CA-6060-4BD7-901D-EB3A9A08E1E4}.Release|Any CPU.Build.0 = Release|Any CPU
		{FBCA8545-6162-41FB-8F1E-9CEAF58A2E9B}.Debug|Any CPU.ActiveCfg = Debug|Any CPU
		{FBCA8545-6162-41FB-8F1E-9CEAF58A2E9B}.Debug|Any CPU.Build.0 = Debug|Any CPU
		{FBCA8545-6162-41FB-8F1E-9CEAF58A2E9B}.Release|Any CPU.ActiveCfg = Release|Any CPU
		{FBCA8545-6162-41FB-8F1E-9CEAF58A2E9B}.Release|Any CPU.Build.0 = Release|Any CPU
		{5EF7E2DE-151C-4B1D-8792-42CCA870F4E0}.Debug|Any CPU.ActiveCfg = Debug|Any CPU
		{5EF7E2DE-151C-4B1D-8792-42CCA870F4E0}.Debug|Any CPU.Build.0 = Debug|Any CPU
		{5EF7E2DE-151C-4B1D-8792-42CCA870F4E0}.Release|Any CPU.ActiveCfg = Release|Any CPU
		{5EF7E2DE-151C-4B1D-8792-42CCA870F4E0}.Release|Any CPU.Build.0 = Release|Any CPU
	EndGlobalSection
	GlobalSection(SolutionProperties) = preSolution
		HideSolutionNode = FALSE
	EndGlobalSection
	GlobalSection(NestedProjects) = preSolution
		{3E14ABB2-E80D-4111-833C-E6D20B4ED91B} = {38FEAF9B-EEB3-4A47-83B9-FBEFCDCC441D}
		{B34B973D-3360-4D03-AB09-A0632D7BE4FB} = {38FEAF9B-EEB3-4A47-83B9-FBEFCDCC441D}
		{E9D0C884-7A0B-466F-98EF-4A6E0E3117F3} = {C4BF0688-828E-4676-8170-178655E01DD1}
		{E8FB071E-8C60-4F91-A483-A75573B97DFA} = {38FEAF9B-EEB3-4A47-83B9-FBEFCDCC441D}
		{B8F247CA-6060-4BD7-901D-EB3A9A08E1E4} = {C4BF0688-828E-4676-8170-178655E01DD1}
		{FBCA8545-6162-41FB-8F1E-9CEAF58A2E9B} = {38FEAF9B-EEB3-4A47-83B9-FBEFCDCC441D}
		{5EF7E2DE-151C-4B1D-8792-42CCA870F4E0} = {C4BF0688-828E-4676-8170-178655E01DD1}
	EndGlobalSection
	GlobalSection(ExtensibilityGlobals) = postSolution
		SolutionGuid = {491752F5-CFE4-4720-AC4C-2D68CA2A9EA0}
	EndGlobalSection
EndGlobal
